// !$*UTF8*$!
{
	archiveVersion = 1;
	classes = {
	};
	objectVersion = 46;
	objects = {

/* Begin PBXBuildFile section */
		F8BC150F1D7489CC00CCB268 /* AppDelegate.swift in Sources */ = {isa = PBXBuildFile; fileRef = F8BC150E1D7489CC00CCB268 /* AppDelegate.swift */; };
		F8BC15131D7489CC00CCB268 /* GameScene.swift in Sources */ = {isa = PBXBuildFile; fileRef = F8BC15121D7489CC00CCB268 /* GameScene.swift */; };
		F8BC15151D7489CC00CCB268 /* GameViewController.swift in Sources */ = {isa = PBXBuildFile; fileRef = F8BC15141D7489CC00CCB268 /* GameViewController.swift */; };
		F8BC15181D7489CC00CCB268 /* Main.storyboard in Resources */ = {isa = PBXBuildFile; fileRef = F8BC15161D7489CC00CCB268 /* Main.storyboard */; };
		F8BC151A1D7489CC00CCB268 /* Assets.xcassets in Resources */ = {isa = PBXBuildFile; fileRef = F8BC15191D7489CC00CCB268 /* Assets.xcassets */; };
		F8BC151D1D7489CC00CCB268 /* LaunchScreen.storyboard in Resources */ = {isa = PBXBuildFile; fileRef = F8BC151B1D7489CC00CCB268 /* LaunchScreen.storyboard */; };
		F8BC15281D7489CC00CCB268 /* BrexitGameTests.swift in Sources */ = {isa = PBXBuildFile; fileRef = F8BC15271D7489CC00CCB268 /* BrexitGameTests.swift */; };
		F8BC15331D7489CC00CCB268 /* BrexitGameUITests.swift in Sources */ = {isa = PBXBuildFile; fileRef = F8BC15321D7489CC00CCB268 /* BrexitGameUITests.swift */; };
		F8BC15501D74938C00CCB268 /* boris.atlas in Resources */ = {isa = PBXBuildFile; fileRef = F8BC154B1D74938C00CCB268 /* boris.atlas */; };
		F8BC15511D74938C00CCB268 /* enemies.atlas in Resources */ = {isa = PBXBuildFile; fileRef = F8BC154C1D74938C00CCB268 /* enemies.atlas */; };
		F8BC15521D74938C00CCB268 /* goods.atlas in Resources */ = {isa = PBXBuildFile; fileRef = F8BC154D1D74938C00CCB268 /* goods.atlas */; };
		F8BC15531D74938C00CCB268 /* ground.atlas in Resources */ = {isa = PBXBuildFile; fileRef = F8BC154E1D74938C00CCB268 /* ground.atlas */; };
		F8BC15541D74938C00CCB268 /* hud.atlas in Resources */ = {isa = PBXBuildFile; fileRef = F8BC154F1D74938C00CCB268 /* hud.atlas */; };
		F8BC15561D74967D00CCB268 /* GameSprite.swift in Sources */ = {isa = PBXBuildFile; fileRef = F8BC15551D74967D00CCB268 /* GameSprite.swift */; };
		F8BC15581D7496EB00CCB268 /* BorisPath.sks in Resources */ = {isa = PBXBuildFile; fileRef = F8BC15571D7496EB00CCB268 /* BorisPath.sks */; };
		F8BC155A1D74970600CCB268 /* Background.swift in Sources */ = {isa = PBXBuildFile; fileRef = F8BC15591D74970600CCB268 /* Background.swift */; };
		F8BC155C1D7497AC00CCB268 /* immigrant.swift in Sources */ = {isa = PBXBuildFile; fileRef = F8BC155B1D7497AC00CCB268 /* immigrant.swift */; };
		F8BC155E1D749B8D00CCB268 /* Juncker.swift in Sources */ = {isa = PBXBuildFile; fileRef = F8BC155D1D749B8D00CCB268 /* Juncker.swift */; };
		F8BC15601D749C6400CCB268 /* Blade.swift in Sources */ = {isa = PBXBuildFile; fileRef = F8BC155F1D749C6400CCB268 /* Blade.swift */; };
		F8BC15621D749C8500CCB268 /* Coin.swift in Sources */ = {isa = PBXBuildFile; fileRef = F8BC15611D749C8500CCB268 /* Coin.swift */; };
		F8BC15641D749CC900CCB268 /* EncounterManager.swift in Sources */ = {isa = PBXBuildFile; fileRef = F8BC15631D749CC900CCB268 /* EncounterManager.swift */; };
		F8BC15661D749EB600CCB268 /* Cameron.swift in Sources */ = {isa = PBXBuildFile; fileRef = F8BC15651D749EB600CCB268 /* Cameron.swift */; };
		F8BC15681D749EFB00CCB268 /* Ground.swift in Sources */ = {isa = PBXBuildFile; fileRef = F8BC15671D749EFB00CCB268 /* Ground.swift */; };
		F8BC156A1D749F1300CCB268 /* HUD.swift in Sources */ = {isa = PBXBuildFile; fileRef = F8BC15691D749F1300CCB268 /* HUD.swift */; };
		F8BC156C1D749F3900CCB268 /* Gove.swift in Sources */ = {isa = PBXBuildFile; fileRef = F8BC156B1D749F3900CCB268 /* Gove.swift */; };
		F8BC156E1D749FD800CCB268 /* MenuScene.swift in Sources */ = {isa = PBXBuildFile; fileRef = F8BC156D1D749FD800CCB268 /* MenuScene.swift */; };
		F8BC15701D74A01900CCB268 /* Player.swift in Sources */ = {isa = PBXBuildFile; fileRef = F8BC156F1D74A01900CCB268 /* Player.swift */; };
		F8BC15721D74A04300CCB268 /* Star.swift in Sources */ = {isa = PBXBuildFile; fileRef = F8BC15711D74A04300CCB268 /* Star.swift */; };
		F8BC15741D74A5CE00CCB268 /* spark.png in Resources */ = {isa = PBXBuildFile; fileRef = F8BC15731D74A5CE00CCB268 /* spark.png */; };
		F8BC15791D74A71F00CCB268 /* EncounterCoins.sks in Resources */ = {isa = PBXBuildFile; fileRef = F8BC15761D74A71F00CCB268 /* EncounterCoins.sks */; };
		F8BC157A1D74A72000CCB268 /* EncounterImmigrants.sks in Resources */ = {isa = PBXBuildFile; fileRef = F8BC15771D74A71F00CCB268 /* EncounterImmigrants.sks */; };
		F8BC157B1D74A72000CCB268 /* EncounterJuncker.sks in Resources */ = {isa = PBXBuildFile; fileRef = F8BC15781D74A71F00CCB268 /* EncounterJuncker.sks */; };
		F8BC15811D74BA5200CCB268 /* Sound in Resources */ = {isa = PBXBuildFile; fileRef = F8BC15801D74BA5200CCB268 /* Sound */; };
/* End PBXBuildFile section */

/* Begin PBXContainerItemProxy section */
		F8BC15241D7489CC00CCB268 /* PBXContainerItemProxy */ = {
			isa = PBXContainerItemProxy;
			containerPortal = F8BC15031D7489CC00CCB268 /* Project object */;
			proxyType = 1;
			remoteGlobalIDString = F8BC150A1D7489CC00CCB268;
			remoteInfo = BrexitGame;
		};
		F8BC152F1D7489CC00CCB268 /* PBXContainerItemProxy */ = {
			isa = PBXContainerItemProxy;
			containerPortal = F8BC15031D7489CC00CCB268 /* Project object */;
			proxyType = 1;
			remoteGlobalIDString = F8BC150A1D7489CC00CCB268;
			remoteInfo = BrexitGame;
		};
/* End PBXContainerItemProxy section */

/* Begin PBXFileReference section */
		F8BC150B1D7489CC00CCB268 /* BrexitGame.app */ = {isa = PBXFileReference; explicitFileType = wrapper.application; includeInIndex = 0; path = BrexitGame.app; sourceTree = BUILT_PRODUCTS_DIR; };
		F8BC150E1D7489CC00CCB268 /* AppDelegate.swift */ = {isa = PBXFileReference; lastKnownFileType = sourcecode.swift; path = AppDelegate.swift; sourceTree = "<group>"; };
		F8BC15121D7489CC00CCB268 /* GameScene.swift */ = {isa = PBXFileReference; lastKnownFileType = sourcecode.swift; path = GameScene.swift; sourceTree = "<group>"; };
		F8BC15141D7489CC00CCB268 /* GameViewController.swift */ = {isa = PBXFileReference; lastKnownFileType = sourcecode.swift; path = GameViewController.swift; sourceTree = "<group>"; };
		F8BC15171D7489CC00CCB268 /* Base */ = {isa = PBXFileReference; lastKnownFileType = file.storyboard; name = Base; path = Base.lproj/Main.storyboard; sourceTree = "<group>"; };
		F8BC15191D7489CC00CCB268 /* Assets.xcassets */ = {isa = PBXFileReference; lastKnownFileType = folder.assetcatalog; path = Assets.xcassets; sourceTree = "<group>"; };
		F8BC151C1D7489CC00CCB268 /* Base */ = {isa = PBXFileReference; lastKnownFileType = file.storyboard; name = Base; path = Base.lproj/LaunchScreen.storyboard; sourceTree = "<group>"; };
		F8BC151E1D7489CC00CCB268 /* Info.plist */ = {isa = PBXFileReference; lastKnownFileType = text.plist.xml; path = Info.plist; sourceTree = "<group>"; };
		F8BC15231D7489CC00CCB268 /* BrexitGameTests.xctest */ = {isa = PBXFileReference; explicitFileType = wrapper.cfbundle; includeInIndex = 0; path = BrexitGameTests.xctest; sourceTree = BUILT_PRODUCTS_DIR; };
		F8BC15271D7489CC00CCB268 /* BrexitGameTests.swift */ = {isa = PBXFileReference; lastKnownFileType = sourcecode.swift; path = BrexitGameTests.swift; sourceTree = "<group>"; };
		F8BC15291D7489CC00CCB268 /* Info.plist */ = {isa = PBXFileReference; lastKnownFileType = text.plist.xml; path = Info.plist; sourceTree = "<group>"; };
		F8BC152E1D7489CC00CCB268 /* BrexitGameUITests.xctest */ = {isa = PBXFileReference; explicitFileType = wrapper.cfbundle; includeInIndex = 0; path = BrexitGameUITests.xctest; sourceTree = BUILT_PRODUCTS_DIR; };
		F8BC15321D7489CC00CCB268 /* BrexitGameUITests.swift */ = {isa = PBXFileReference; lastKnownFileType = sourcecode.swift; path = BrexitGameUITests.swift; sourceTree = "<group>"; };
		F8BC15341D7489CC00CCB268 /* Info.plist */ = {isa = PBXFileReference; lastKnownFileType = text.plist.xml; path = Info.plist; sourceTree = "<group>"; };
		F8BC154B1D74938C00CCB268 /* boris.atlas */ = {isa = PBXFileReference; lastKnownFileType = folder.skatlas; path = boris.atlas; sourceTree = "<group>"; };
		F8BC154C1D74938C00CCB268 /* enemies.atlas */ = {isa = PBXFileReference; lastKnownFileType = folder.skatlas; path = enemies.atlas; sourceTree = "<group>"; };
		F8BC154D1D74938C00CCB268 /* goods.atlas */ = {isa = PBXFileReference; lastKnownFileType = folder.skatlas; path = goods.atlas; sourceTree = "<group>"; };
		F8BC154E1D74938C00CCB268 /* ground.atlas */ = {isa = PBXFileReference; lastKnownFileType = folder.skatlas; path = ground.atlas; sourceTree = "<group>"; };
		F8BC154F1D74938C00CCB268 /* hud.atlas */ = {isa = PBXFileReference; lastKnownFileType = folder.skatlas; path = hud.atlas; sourceTree = "<group>"; };
		F8BC15551D74967D00CCB268 /* GameSprite.swift */ = {isa = PBXFileReference; fileEncoding = 4; lastKnownFileType = sourcecode.swift; path = GameSprite.swift; sourceTree = "<group>"; };
		F8BC15571D7496EB00CCB268 /* BorisPath.sks */ = {isa = PBXFileReference; lastKnownFileType = file.sks; path = BorisPath.sks; sourceTree = "<group>"; };
		F8BC15591D74970600CCB268 /* Background.swift */ = {isa = PBXFileReference; fileEncoding = 4; lastKnownFileType = sourcecode.swift; path = Background.swift; sourceTree = "<group>"; };
		F8BC155B1D7497AC00CCB268 /* immigrant.swift */ = {isa = PBXFileReference; fileEncoding = 4; lastKnownFileType = sourcecode.swift; path = immigrant.swift; sourceTree = "<group>"; };
		F8BC155D1D749B8D00CCB268 /* Juncker.swift */ = {isa = PBXFileReference; fileEncoding = 4; lastKnownFileType = sourcecode.swift; path = Juncker.swift; sourceTree = "<group>"; };
		F8BC155F1D749C6400CCB268 /* Blade.swift */ = {isa = PBXFileReference; fileEncoding = 4; lastKnownFileType = sourcecode.swift; path = Blade.swift; sourceTree = "<group>"; };
		F8BC15611D749C8500CCB268 /* Coin.swift */ = {isa = PBXFileReference; fileEncoding = 4; lastKnownFileType = sourcecode.swift; path = Coin.swift; sourceTree = "<group>"; };
		F8BC15631D749CC900CCB268 /* EncounterManager.swift */ = {isa = PBXFileReference; fileEncoding = 4; lastKnownFileType = sourcecode.swift; path = EncounterManager.swift; sourceTree = "<group>"; };
		F8BC15651D749EB600CCB268 /* Cameron.swift */ = {isa = PBXFileReference; fileEncoding = 4; lastKnownFileType = sourcecode.swift; path = Cameron.swift; sourceTree = "<group>"; };
		F8BC15671D749EFB00CCB268 /* Ground.swift */ = {isa = PBXFileReference; fileEncoding = 4; lastKnownFileType = sourcecode.swift; path = Ground.swift; sourceTree = "<group>"; };
		F8BC15691D749F1300CCB268 /* HUD.swift */ = {isa = PBXFileReference; fileEncoding = 4; lastKnownFileType = sourcecode.swift; path = HUD.swift; sourceTree = "<group>"; };
		F8BC156B1D749F3900CCB268 /* Gove.swift */ = {isa = PBXFileReference; fileEncoding = 4; lastKnownFileType = sourcecode.swift; path = Gove.swift; sourceTree = "<group>"; };
		F8BC156D1D749FD800CCB268 /* MenuScene.swift */ = {isa = PBXFileReference; fileEncoding = 4; lastKnownFileType = sourcecode.swift; path = MenuScene.swift; sourceTree = "<group>"; };
		F8BC156F1D74A01900CCB268 /* Player.swift */ = {isa = PBXFileReference; fileEncoding = 4; lastKnownFileType = sourcecode.swift; path = Player.swift; sourceTree = "<group>"; };
		F8BC15711D74A04300CCB268 /* Star.swift */ = {isa = PBXFileReference; fileEncoding = 4; lastKnownFileType = sourcecode.swift; path = Star.swift; sourceTree = "<group>"; };
		F8BC15731D74A5CE00CCB268 /* spark.png */ = {isa = PBXFileReference; lastKnownFileType = image.png; path = spark.png; sourceTree = "<group>"; };
		F8BC15761D74A71F00CCB268 /* EncounterCoins.sks */ = {isa = PBXFileReference; lastKnownFileType = file.sks; path = EncounterCoins.sks; sourceTree = "<group>"; };
		F8BC15771D74A71F00CCB268 /* EncounterImmigrants.sks */ = {isa = PBXFileReference; lastKnownFileType = file.sks; path = EncounterImmigrants.sks; sourceTree = "<group>"; };
		F8BC15781D74A71F00CCB268 /* EncounterJuncker.sks */ = {isa = PBXFileReference; lastKnownFileType = file.sks; path = EncounterJuncker.sks; sourceTree = "<group>"; };
		F8BC15801D74BA5200CCB268 /* Sound */ = {isa = PBXFileReference; lastKnownFileType = folder; path = Sound; sourceTree = "<group>"; };
/* End PBXFileReference section */

/* Begin PBXFrameworksBuildPhase section */
		F8BC15081D7489CC00CCB268 /* Frameworks */ = {
			isa = PBXFrameworksBuildPhase;
			buildActionMask = 2147483647;
			files = (
			);
			runOnlyForDeploymentPostprocessing = 0;
		};
		F8BC15201D7489CC00CCB268 /* Frameworks */ = {
			isa = PBXFrameworksBuildPhase;
			buildActionMask = 2147483647;
			files = (
			);
			runOnlyForDeploymentPostprocessing = 0;
		};
		F8BC152B1D7489CC00CCB268 /* Frameworks */ = {
			isa = PBXFrameworksBuildPhase;
			buildActionMask = 2147483647;
			files = (
			);
			runOnlyForDeploymentPostprocessing = 0;
		};
/* End PBXFrameworksBuildPhase section */

/* Begin PBXGroup section */
		F8BC15021D7489CC00CCB268 = {
			isa = PBXGroup;
			children = (
				F8BC150D1D7489CC00CCB268 /* BrexitGame */,
				F8BC15261D7489CC00CCB268 /* BrexitGameTests */,
				F8BC15311D7489CC00CCB268 /* BrexitGameUITests */,
				F8BC150C1D7489CC00CCB268 /* Products */,
			);
			sourceTree = "<group>";
		};
		F8BC150C1D7489CC00CCB268 /* Products */ = {
			isa = PBXGroup;
			children = (
				F8BC150B1D7489CC00CCB268 /* BrexitGame.app */,
				F8BC15231D7489CC00CCB268 /* BrexitGameTests.xctest */,
				F8BC152E1D7489CC00CCB268 /* BrexitGameUITests.xctest */,
			);
			name = Products;
			sourceTree = "<group>";
		};
		F8BC150D1D7489CC00CCB268 /* BrexitGame */ = {
			isa = PBXGroup;
			children = (
				F8BC15801D74BA5200CCB268 /* Sound */,
				F8BC15751D74A71100CCB268 /* Encounters */,
				F8BC154B1D74938C00CCB268 /* boris.atlas */,
				F8BC154C1D74938C00CCB268 /* enemies.atlas */,
				F8BC154D1D74938C00CCB268 /* goods.atlas */,
				F8BC154E1D74938C00CCB268 /* ground.atlas */,
				F8BC154F1D74938C00CCB268 /* hud.atlas */,
				F8BC150E1D7489CC00CCB268 /* AppDelegate.swift */,
				F8BC15591D74970600CCB268 /* Background.swift */,
				F8BC15731D74A5CE00CCB268 /* spark.png */,
				F8BC15571D7496EB00CCB268 /* BorisPath.sks */,
				F8BC15121D7489CC00CCB268 /* GameScene.swift */,
				F8BC15141D7489CC00CCB268 /* GameViewController.swift */,
				F8BC15551D74967D00CCB268 /* GameSprite.swift */,
				F8BC15161D7489CC00CCB268 /* Main.storyboard */,
				F8BC15191D7489CC00CCB268 /* Assets.xcassets */,
				F8BC151B1D7489CC00CCB268 /* LaunchScreen.storyboard */,
				F8BC151E1D7489CC00CCB268 /* Info.plist */,
				F8BC155B1D7497AC00CCB268 /* immigrant.swift */,
				F8BC155D1D749B8D00CCB268 /* Juncker.swift */,
				F8BC155F1D749C6400CCB268 /* Blade.swift */,
				F8BC15611D749C8500CCB268 /* Coin.swift */,
				F8BC15631D749CC900CCB268 /* EncounterManager.swift */,
				F8BC15651D749EB600CCB268 /* Cameron.swift */,
				F8BC15671D749EFB00CCB268 /* Ground.swift */,
				F8BC15691D749F1300CCB268 /* HUD.swift */,
				F8BC156B1D749F3900CCB268 /* Gove.swift */,
				F8BC156D1D749FD800CCB268 /* MenuScene.swift */,
				F8BC156F1D74A01900CCB268 /* Player.swift */,
				F8BC15711D74A04300CCB268 /* Star.swift */,
			);
			path = BrexitGame;
			sourceTree = "<group>";
		};
		F8BC15261D7489CC00CCB268 /* BrexitGameTests */ = {
			isa = PBXGroup;
			children = (
				F8BC15271D7489CC00CCB268 /* BrexitGameTests.swift */,
				F8BC15291D7489CC00CCB268 /* Info.plist */,
			);
			path = BrexitGameTests;
			sourceTree = "<group>";
		};
		F8BC15311D7489CC00CCB268 /* BrexitGameUITests */ = {
			isa = PBXGroup;
			children = (
				F8BC15321D7489CC00CCB268 /* BrexitGameUITests.swift */,
				F8BC15341D7489CC00CCB268 /* Info.plist */,
			);
			path = BrexitGameUITests;
			sourceTree = "<group>";
		};
		F8BC15751D74A71100CCB268 /* Encounters */ = {
			isa = PBXGroup;
			children = (
				F8BC15761D74A71F00CCB268 /* EncounterCoins.sks */,
				F8BC15771D74A71F00CCB268 /* EncounterImmigrants.sks */,
				F8BC15781D74A71F00CCB268 /* EncounterJuncker.sks */,
			);
			name = Encounters;
			sourceTree = "<group>";
		};
/* End PBXGroup section */

/* Begin PBXNativeTarget section */
		F8BC150A1D7489CC00CCB268 /* BrexitGame */ = {
			isa = PBXNativeTarget;
			buildConfigurationList = F8BC15371D7489CC00CCB268 /* Build configuration list for PBXNativeTarget "BrexitGame" */;
			buildPhases = (
				F8BC15071D7489CC00CCB268 /* Sources */,
				F8BC15081D7489CC00CCB268 /* Frameworks */,
				F8BC15091D7489CC00CCB268 /* Resources */,
			);
			buildRules = (
			);
			dependencies = (
			);
			name = BrexitGame;
			productName = BrexitGame;
			productReference = F8BC150B1D7489CC00CCB268 /* BrexitGame.app */;
			productType = "com.apple.product-type.application";
		};
		F8BC15221D7489CC00CCB268 /* BrexitGameTests */ = {
			isa = PBXNativeTarget;
			buildConfigurationList = F8BC153A1D7489CC00CCB268 /* Build configuration list for PBXNativeTarget "BrexitGameTests" */;
			buildPhases = (
				F8BC151F1D7489CC00CCB268 /* Sources */,
				F8BC15201D7489CC00CCB268 /* Frameworks */,
				F8BC15211D7489CC00CCB268 /* Resources */,
			);
			buildRules = (
			);
			dependencies = (
				F8BC15251D7489CC00CCB268 /* PBXTargetDependency */,
			);
			name = BrexitGameTests;
			productName = BrexitGameTests;
			productReference = F8BC15231D7489CC00CCB268 /* BrexitGameTests.xctest */;
			productType = "com.apple.product-type.bundle.unit-test";
		};
		F8BC152D1D7489CC00CCB268 /* BrexitGameUITests */ = {
			isa = PBXNativeTarget;
			buildConfigurationList = F8BC153D1D7489CC00CCB268 /* Build configuration list for PBXNativeTarget "BrexitGameUITests" */;
			buildPhases = (
				F8BC152A1D7489CC00CCB268 /* Sources */,
				F8BC152B1D7489CC00CCB268 /* Frameworks */,
				F8BC152C1D7489CC00CCB268 /* Resources */,
			);
			buildRules = (
			);
			dependencies = (
				F8BC15301D7489CC00CCB268 /* PBXTargetDependency */,
			);
			name = BrexitGameUITests;
			productName = BrexitGameUITests;
			productReference = F8BC152E1D7489CC00CCB268 /* BrexitGameUITests.xctest */;
			productType = "com.apple.product-type.bundle.ui-testing";
		};
/* End PBXNativeTarget section */

/* Begin PBXProject section */
		F8BC15031D7489CC00CCB268 /* Project object */ = {
			isa = PBXProject;
			attributes = {
				LastSwiftUpdateCheck = 0720;
				LastUpgradeCheck = 0920;
				ORGANIZATIONNAME = "Saurabh Sikka";
				TargetAttributes = {
					F8BC150A1D7489CC00CCB268 = {
						CreatedOnToolsVersion = 7.2;
						DevelopmentTeam = XSB6YPP53Z;
					};
					F8BC15221D7489CC00CCB268 = {
						CreatedOnToolsVersion = 7.2;
						DevelopmentTeam = XSB6YPP53Z;
						TestTargetID = F8BC150A1D7489CC00CCB268;
					};
					F8BC152D1D7489CC00CCB268 = {
						CreatedOnToolsVersion = 7.2;
						DevelopmentTeam = XSB6YPP53Z;
						TestTargetID = F8BC150A1D7489CC00CCB268;
					};
				};
			};
			buildConfigurationList = F8BC15061D7489CC00CCB268 /* Build configuration list for PBXProject "BrexitGame" */;
			compatibilityVersion = "Xcode 3.2";
			developmentRegion = English;
			hasScannedForEncodings = 0;
			knownRegions = (
				en,
				Base,
			);
			mainGroup = F8BC15021D7489CC00CCB268;
			productRefGroup = F8BC150C1D7489CC00CCB268 /* Products */;
			projectDirPath = "";
			projectRoot = "";
			targets = (
				F8BC150A1D7489CC00CCB268 /* BrexitGame */,
				F8BC15221D7489CC00CCB268 /* BrexitGameTests */,
				F8BC152D1D7489CC00CCB268 /* BrexitGameUITests */,
			);
		};
/* End PBXProject section */

/* Begin PBXResourcesBuildPhase section */
		F8BC15091D7489CC00CCB268 /* Resources */ = {
			isa = PBXResourcesBuildPhase;
			buildActionMask = 2147483647;
			files = (
				F8BC15581D7496EB00CCB268 /* BorisPath.sks in Resources */,
				F8BC157A1D74A72000CCB268 /* EncounterImmigrants.sks in Resources */,
				F8BC15501D74938C00CCB268 /* boris.atlas in Resources */,
				F8BC157B1D74A72000CCB268 /* EncounterJuncker.sks in Resources */,
				F8BC151D1D7489CC00CCB268 /* LaunchScreen.storyboard in Resources */,
				F8BC15741D74A5CE00CCB268 /* spark.png in Resources */,
				F8BC15531D74938C00CCB268 /* ground.atlas in Resources */,
				F8BC15791D74A71F00CCB268 /* EncounterCoins.sks in Resources */,
				F8BC15541D74938C00CCB268 /* hud.atlas in Resources */,
				F8BC151A1D7489CC00CCB268 /* Assets.xcassets in Resources */,
				F8BC15181D7489CC00CCB268 /* Main.storyboard in Resources */,
				F8BC15511D74938C00CCB268 /* enemies.atlas in Resources */,
				F8BC15521D74938C00CCB268 /* goods.atlas in Resources */,
				F8BC15811D74BA5200CCB268 /* Sound in Resources */,
			);
			runOnlyForDeploymentPostprocessing = 0;
		};
		F8BC15211D7489CC00CCB268 /* Resources */ = {
			isa = PBXResourcesBuildPhase;
			buildActionMask = 2147483647;
			files = (
			);
			runOnlyForDeploymentPostprocessing = 0;
		};
		F8BC152C1D7489CC00CCB268 /* Resources */ = {
			isa = PBXResourcesBuildPhase;
			buildActionMask = 2147483647;
			files = (
			);
			runOnlyForDeploymentPostprocessing = 0;
		};
/* End PBXResourcesBuildPhase section */

/* Begin PBXSourcesBuildPhase section */
		F8BC15071D7489CC00CCB268 /* Sources */ = {
			isa = PBXSourcesBuildPhase;
			buildActionMask = 2147483647;
			files = (
				F8BC15621D749C8500CCB268 /* Coin.swift in Sources */,
				F8BC15561D74967D00CCB268 /* GameSprite.swift in Sources */,
				F8BC156C1D749F3900CCB268 /* Gove.swift in Sources */,
				F8BC15131D7489CC00CCB268 /* GameScene.swift in Sources */,
				F8BC15701D74A01900CCB268 /* Player.swift in Sources */,
				F8BC15721D74A04300CCB268 /* Star.swift in Sources */,
				F8BC15151D7489CC00CCB268 /* GameViewController.swift in Sources */,
				F8BC150F1D7489CC00CCB268 /* AppDelegate.swift in Sources */,
				F8BC155C1D7497AC00CCB268 /* immigrant.swift in Sources */,
				F8BC15681D749EFB00CCB268 /* Ground.swift in Sources */,
				F8BC156A1D749F1300CCB268 /* HUD.swift in Sources */,
				F8BC15661D749EB600CCB268 /* Cameron.swift in Sources */,
				F8BC155E1D749B8D00CCB268 /* Juncker.swift in Sources */,
				F8BC15641D749CC900CCB268 /* EncounterManager.swift in Sources */,
				F8BC156E1D749FD800CCB268 /* MenuScene.swift in Sources */,
				F8BC15601D749C6400CCB268 /* Blade.swift in Sources */,
				F8BC155A1D74970600CCB268 /* Background.swift in Sources */,
			);
			runOnlyForDeploymentPostprocessing = 0;
		};
		F8BC151F1D7489CC00CCB268 /* Sources */ = {
			isa = PBXSourcesBuildPhase;
			buildActionMask = 2147483647;
			files = (
				F8BC15281D7489CC00CCB268 /* BrexitGameTests.swift in Sources */,
			);
			runOnlyForDeploymentPostprocessing = 0;
		};
		F8BC152A1D7489CC00CCB268 /* Sources */ = {
			isa = PBXSourcesBuildPhase;
			buildActionMask = 2147483647;
			files = (
				F8BC15331D7489CC00CCB268 /* BrexitGameUITests.swift in Sources */,
			);
			runOnlyForDeploymentPostprocessing = 0;
		};
/* End PBXSourcesBuildPhase section */

/* Begin PBXTargetDependency section */
		F8BC15251D7489CC00CCB268 /* PBXTargetDependency */ = {
			isa = PBXTargetDependency;
			target = F8BC150A1D7489CC00CCB268 /* BrexitGame */;
			targetProxy = F8BC15241D7489CC00CCB268 /* PBXContainerItemProxy */;
		};
		F8BC15301D7489CC00CCB268 /* PBXTargetDependency */ = {
			isa = PBXTargetDependency;
			target = F8BC150A1D7489CC00CCB268 /* BrexitGame */;
			targetProxy = F8BC152F1D7489CC00CCB268 /* PBXContainerItemProxy */;
		};
/* End PBXTargetDependency section */

/* Begin PBXVariantGroup section */
		F8BC15161D7489CC00CCB268 /* Main.storyboard */ = {
			isa = PBXVariantGroup;
			children = (
				F8BC15171D7489CC00CCB268 /* Base */,
			);
			name = Main.storyboard;
			sourceTree = "<group>";
		};
		F8BC151B1D7489CC00CCB268 /* LaunchScreen.storyboard */ = {
			isa = PBXVariantGroup;
			children = (
				F8BC151C1D7489CC00CCB268 /* Base */,
			);
			name = LaunchScreen.storyboard;
			sourceTree = "<group>";
		};
/* End PBXVariantGroup section */

/* Begin XCBuildConfiguration section */
		F8BC15351D7489CC00CCB268 /* Debug */ = {
			isa = XCBuildConfiguration;
			buildSettings = {
				ALWAYS_SEARCH_USER_PATHS = NO;
				CLANG_CXX_LANGUAGE_STANDARD = "gnu++0x";
				CLANG_CXX_LIBRARY = "libc++";
				CLANG_ENABLE_MODULES = YES;
				CLANG_ENABLE_OBJC_ARC = YES;
				CLANG_WARN_BLOCK_CAPTURE_AUTORELEASING = YES;
				CLANG_WARN_BOOL_CONVERSION = YES;
				CLANG_WARN_COMMA = YES;
				CLANG_WARN_CONSTANT_CONVERSION = YES;
				CLANG_WARN_DIRECT_OBJC_ISA_USAGE = YES_ERROR;
				CLANG_WARN_EMPTY_BODY = YES;
				CLANG_WARN_ENUM_CONVERSION = YES;
				CLANG_WARN_INFINITE_RECURSION = YES;
				CLANG_WARN_INT_CONVERSION = YES;
				CLANG_WARN_NON_LITERAL_NULL_CONVERSION = YES;
				CLANG_WARN_OBJC_LITERAL_CONVERSION = YES;
				CLANG_WARN_OBJC_ROOT_CLASS = YES_ERROR;
				CLANG_WARN_RANGE_LOOP_ANALYSIS = YES;
				CLANG_WARN_STRICT_PROTOTYPES = YES;
				CLANG_WARN_SUSPICIOUS_MOVE = YES;
				CLANG_WARN_UNREACHABLE_CODE = YES;
				CLANG_WARN__DUPLICATE_METHOD_MATCH = YES;
				"CODE_SIGN_IDENTITY[sdk=iphoneos*]" = "iPhone Developer";
				COPY_PHASE_STRIP = NO;
				DEBUG_INFORMATION_FORMAT = "dwarf-with-dsym";
				ENABLE_STRICT_OBJC_MSGSEND = YES;
				ENABLE_TESTABILITY = YES;
				GCC_C_LANGUAGE_STANDARD = gnu99;
				GCC_DYNAMIC_NO_PIC = NO;
				GCC_NO_COMMON_BLOCKS = YES;
				GCC_OPTIMIZATION_LEVEL = 0;
				GCC_PREPROCESSOR_DEFINITIONS = (
					"DEBUG=1",
					"$(inherited)",
				);
				GCC_WARN_64_TO_32_BIT_CONVERSION = YES;
				GCC_WARN_ABOUT_RETURN_TYPE = YES_ERROR;
				GCC_WARN_UNDECLARED_SELECTOR = YES;
				GCC_WARN_UNINITIALIZED_AUTOS = YES_AGGRESSIVE;
				GCC_WARN_UNUSED_FUNCTION = YES;
				GCC_WARN_UNUSED_VARIABLE = YES;
				IPHONEOS_DEPLOYMENT_TARGET = 9.2;
				MTL_ENABLE_DEBUG_INFO = YES;
				ONLY_ACTIVE_ARCH = YES;
				SDKROOT = iphoneos;
				SWIFT_OPTIMIZATION_LEVEL = "-Onone";
				SWIFT_VERSION = 4.0;
			};
			name = Debug;
		};
		F8BC15361D7489CC00CCB268 /* Release */ = {
			isa = XCBuildConfiguration;
			buildSettings = {
				ALWAYS_SEARCH_USER_PATHS = NO;
				CLANG_CXX_LANGUAGE_STANDARD = "gnu++0x";
				CLANG_CXX_LIBRARY = "libc++";
				CLANG_ENABLE_MODULES = YES;
				CLANG_ENABLE_OBJC_ARC = YES;
				CLANG_WARN_BLOCK_CAPTURE_AUTORELEASING = YES;
				CLANG_WARN_BOOL_CONVERSION = YES;
				CLANG_WARN_COMMA = YES;
				CLANG_WARN_CONSTANT_CONVERSION = YES;
				CLANG_WARN_DIRECT_OBJC_ISA_USAGE = YES_ERROR;
				CLANG_WARN_EMPTY_BODY = YES;
				CLANG_WARN_ENUM_CONVERSION = YES;
				CLANG_WARN_INFINITE_RECURSION = YES;
				CLANG_WARN_INT_CONVERSION = YES;
				CLANG_WARN_NON_LITERAL_NULL_CONVERSION = YES;
				CLANG_WARN_OBJC_LITERAL_CONVERSION = YES;
				CLANG_WARN_OBJC_ROOT_CLASS = YES_ERROR;
				CLANG_WARN_RANGE_LOOP_ANALYSIS = YES;
				CLANG_WARN_STRICT_PROTOTYPES = YES;
				CLANG_WARN_SUSPICIOUS_MOVE = YES;
				CLANG_WARN_UNREACHABLE_CODE = YES;
				CLANG_WARN__DUPLICATE_METHOD_MATCH = YES;
				"CODE_SIGN_IDENTITY[sdk=iphoneos*]" = "iPhone Developer";
				COPY_PHASE_STRIP = NO;
				DEBUG_INFORMATION_FORMAT = "dwarf-with-dsym";
				ENABLE_NS_ASSERTIONS = NO;
				ENABLE_STRICT_OBJC_MSGSEND = YES;
				GCC_C_LANGUAGE_STANDARD = gnu99;
				GCC_NO_COMMON_BLOCKS = YES;
				GCC_WARN_64_TO_32_BIT_CONVERSION = YES;
				GCC_WARN_ABOUT_RETURN_TYPE = YES_ERROR;
				GCC_WARN_UNDECLARED_SELECTOR = YES;
				GCC_WARN_UNINITIALIZED_AUTOS = YES_AGGRESSIVE;
				GCC_WARN_UNUSED_FUNCTION = YES;
				GCC_WARN_UNUSED_VARIABLE = YES;
				IPHONEOS_DEPLOYMENT_TARGET = 9.2;
				MTL_ENABLE_DEBUG_INFO = NO;
				SDKROOT = iphoneos;
				SWIFT_OPTIMIZATION_LEVEL = "-Owholemodule";
				SWIFT_VERSION = 4.0;
				VALIDATE_PRODUCT = YES;
			};
			name = Release;
		};
		F8BC15381D7489CC00CCB268 /* Debug */ = {
			isa = XCBuildConfiguration;
			buildSettings = {
				ASSETCATALOG_COMPILER_APPICON_NAME = AppIcon;
				ASSETCATALOG_COMPILER_LAUNCHIMAGE_NAME = "Brand Assets";
				INFOPLIST_FILE = BrexitGame/Info.plist;
				LD_RUNPATH_SEARCH_PATHS = "$(inherited) @executable_path/Frameworks";
				PRODUCT_BUNDLE_IDENTIFIER = com.saurabhsikka.BrexitGame;
				PRODUCT_NAME = "$(TARGET_NAME)";
			};
			name = Debug;
		};
		F8BC15391D7489CC00CCB268 /* Release */ = {
			isa = XCBuildConfiguration;
			buildSettings = {
				ASSETCATALOG_COMPILER_APPICON_NAME = AppIcon;
				ASSETCATALOG_COMPILER_LAUNCHIMAGE_NAME = "Brand Assets";
				INFOPLIST_FILE = BrexitGame/Info.plist;
				LD_RUNPATH_SEARCH_PATHS = "$(inherited) @executable_path/Frameworks";
				PRODUCT_BUNDLE_IDENTIFIER = com.saurabhsikka.BrexitGame;
				PRODUCT_NAME = "$(TARGET_NAME)";
			};
			name = Release;
		};
		F8BC153B1D7489CC00CCB268 /* Debug */ = {
			isa = XCBuildConfiguration;
			buildSettings = {
				BUNDLE_LOADER = "$(TEST_HOST)";
				DEBUG_INFORMATION_FORMAT = dwarf;
				INFOPLIST_FILE = BrexitGameTests/Info.plist;
				LD_RUNPATH_SEARCH_PATHS = "$(inherited) @executable_path/Frameworks @loader_path/Frameworks";
				PRODUCT_BUNDLE_IDENTIFIER = com.saurabhsikka.BrexitGameTests;
				PRODUCT_NAME = "$(TARGET_NAME)";
				TEST_HOST = "$(BUILT_PRODUCTS_DIR)/BrexitGame.app/BrexitGame";
			};
			name = Debug;
		};
		F8BC153C1D7489CC00CCB268 /* Release */ = {
			isa = XCBuildConfiguration;
			buildSettings = {
				BUNDLE_LOADER = "$(TEST_HOST)";
				INFOPLIST_FILE = BrexitGameTests/Info.plist;
				LD_RUNPATH_SEARCH_PATHS = "$(inherited) @executable_path/Frameworks @loader_path/Frameworks";
				PRODUCT_BUNDLE_IDENTIFIER = com.saurabhsikka.BrexitGameTests;
				PRODUCT_NAME = "$(TARGET_NAME)";
				TEST_HOST = "$(BUILT_PRODUCTS_DIR)/BrexitGame.app/BrexitGame";
			};
			name = Release;
		};
		F8BC153E1D7489CC00CCB268 /* Debug */ = {
			isa = XCBuildConfiguration;
			buildSettings = {
				DEBUG_INFORMATION_FORMAT = dwarf;
				INFOPLIST_FILE = BrexitGameUITests/Info.plist;
				LD_RUNPATH_SEARCH_PATHS = "$(inherited) @executable_path/Frameworks @loader_path/Frameworks";
				PRODUCT_BUNDLE_IDENTIFIER = com.saurabhsikka.BrexitGameUITests;
				PRODUCT_NAME = "$(TARGET_NAME)";
				TEST_TARGET_NAME = BrexitGame;
				USES_XCTRUNNER = YES;
			};
			name = Debug;
		};
		F8BC153F1D7489CC00CCB268 /* Release */ = {
			isa = XCBuildConfiguration;
			buildSettings = {
				INFOPLIST_FILE = BrexitGameUITests/Info.plist;
				LD_RUNPATH_SEARCH_PATHS = "$(inherited) @executable_path/Frameworks @loader_path/Frameworks";
				PRODUCT_BUNDLE_IDENTIFIER = com.saurabhsikka.BrexitGameUITests;
				PRODUCT_NAME = "$(TARGET_NAME)";
				TEST_TARGET_NAME = BrexitGame;
				USES_XCTRUNNER = YES;
			};
			name = Release;
		};
/* End XCBuildConfiguration section */

/* Begin XCConfigurationList section */
		F8BC15061D7489CC00CCB268 /* Build configuration list for PBXProject "BrexitGame" */ = {
			isa = XCConfigurationList;
			buildConfigurations = (
				F8BC15351D7489CC00CCB268 /* Debug */,
				F8BC15361D7489CC00CCB268 /* Release */,
			);
			defaultConfigurationIsVisible = 0;
			defaultConfigurationName = Release;
		};
		F8BC15371D7489CC00CCB268 /* Build configuration list for PBXNativeTarget "BrexitGame" */ = {
			isa = XCConfigurationList;
			buildConfigurations = (
				F8BC15381D7489CC00CCB268 /* Debug */,
				F8BC15391D7489CC00CCB268 /* Release */,
			);
			defaultConfigurationIsVisible = 0;
			defaultConfigurationName = Release;
		};
		F8BC153A1D7489CC00CCB268 /* Build configuration list for PBXNativeTarget "BrexitGameTests" */ = {
			isa = XCConfigurationList;
			buildConfigurations = (
				F8BC153B1D7489CC00CCB268 /* Debug */,
				F8BC153C1D7489CC00CCB268 /* Release */,
			);
			defaultConfigurationIsVisible = 0;
			defaultConfigurationName = Release;
		};
		F8BC153D1D7489CC00CCB268 /* Build configuration list for PBXNativeTarget "BrexitGameUITests" */ = {
			isa = XCConfigurationList;
			buildConfigurations = (
				F8BC153E1D7489CC00CCB268 /* Debug */,
				F8BC153F1D7489CC00CCB268 /* Release */,
			);
			defaultConfigurationIsVisible = 0;
			defaultConfigurationName = Release;
		};
/* End XCConfigurationList section */
	};
	rootObject = F8BC15031D7489CC00CCB268 /* Project object */;
}
